PODS:
  - VideoPipelineKit (0.1.0)
  - Vivid (0.9)
  - YUCIHighPassSkinSmoothing (1.4):
    - Vivid

DEPENDENCIES:
  - VideoPipelineKit (from `../`)
  - YUCIHighPassSkinSmoothing

EXTERNAL SOURCES:
  VideoPipelineKit:
    :path: ../

SPEC CHECKSUMS:
  VideoPipelineKit: 7e2a7cff2a2aeb56b80d4beb706b1498cf3d89bc
  Vivid: 0fde7409beac71224deb151dd78f98a5bb860497
  YUCIHighPassSkinSmoothing: 8418fd1bf605ec22b647c57745b863b352f72097

PODFILE CHECKSUM: 369ffac51850d0ec15c74252bfc9254155135cd4

COCOAPODS: 1.4.0.beta.1
